
Microsoft Visual Studio Solution File, Format Version 12.00
# Visual Studio 2012
Project("{f2a71f9b-5d33-465a-a702-920d77279786}") = "elmish-sample.iOS", "iOS\elmish-sample.iOS.fsproj", "{6CB8EAAA-A8D8-4F22-955F-B6A89950B4B5}"
EndProject
Project("{f2a71f9b-5d33-465a-a702-920d77279786}") = "ElmishSample.Droid", "Droid\ElmishSample.Droid.fsproj", "{7ED47689-E5BD-4241-A2D1-7EC03726556B}"
EndProject
Project("{f2a71f9b-5d33-465a-a702-920d77279786}") = "Elmish.Xamarin.Forms", "Elmish.Xamarin.Forms\Elmish.Xamarin.Forms.fsproj", "{5D841356-F06A-4C0C-B816-670ED78A5548}"
EndProject
Project("{f2a71f9b-5d33-465a-a702-920d77279786}") = "elmish-sample", "elmish-sample\elmish-sample.fsproj", "{96635BF5-28F5-4F26-AF52-6BD441004AF1}"
EndProject
Global
	GlobalSection(SolutionConfigurationPlatforms) = preSolution
		Debug|Any CPU = Debug|Any CPU
		Release|Any CPU = Release|Any CPU
		Debug|iPhoneSimulator = Debug|iPhoneSimulator
		Release|iPhone = Release|iPhone
		Release|iPhoneSimulator = Release|iPhoneSimulator
		Debug|iPhone = Debug|iPhone
	EndGlobalSection
	GlobalSection(ProjectConfigurationPlatforms) = postSolution
		{6CB8EAAA-A8D8-4F22-955F-B6A89950B4B5}.Debug|Any CPU.ActiveCfg = Debug|iPhoneSimulator
		{6CB8EAAA-A8D8-4F22-955F-B6A89950B4B5}.Debug|Any CPU.Build.0 = Debug|iPhoneSimulator
		{6CB8EAAA-A8D8-4F22-955F-B6A89950B4B5}.Release|Any CPU.ActiveCfg = Release|iPhone
		{6CB8EAAA-A8D8-4F22-955F-B6A89950B4B5}.Release|Any CPU.Build.0 = Release|iPhone
		{6CB8EAAA-A8D8-4F22-955F-B6A89950B4B5}.Debug|iPhoneSimulator.ActiveCfg = Debug|iPhoneSimulator
		{6CB8EAAA-A8D8-4F22-955F-B6A89950B4B5}.Debug|iPhoneSimulator.Build.0 = Debug|iPhoneSimulator
		{6CB8EAAA-A8D8-4F22-955F-B6A89950B4B5}.Release|iPhone.ActiveCfg = Release|iPhone
		{6CB8EAAA-A8D8-4F22-955F-B6A89950B4B5}.Release|iPhone.Build.0 = Release|iPhone
		{6CB8EAAA-A8D8-4F22-955F-B6A89950B4B5}.Release|iPhoneSimulator.ActiveCfg = Release|iPhoneSimulator
		{6CB8EAAA-A8D8-4F22-955F-B6A89950B4B5}.Release|iPhoneSimulator.Build.0 = Release|iPhoneSimulator
		{6CB8EAAA-A8D8-4F22-955F-B6A89950B4B5}.Debug|iPhone.ActiveCfg = Debug|iPhone
		{6CB8EAAA-A8D8-4F22-955F-B6A89950B4B5}.Debug|iPhone.Build.0 = Debug|iPhone
		{7ED47689-E5BD-4241-A2D1-7EC03726556B}.Debug|Any CPU.ActiveCfg = Debug|Any CPU
		{7ED47689-E5BD-4241-A2D1-7EC03726556B}.Debug|Any CPU.Build.0 = Debug|Any CPU
		{7ED47689-E5BD-4241-A2D1-7EC03726556B}.Release|Any CPU.ActiveCfg = Release|Any CPU
		{7ED47689-E5BD-4241-A2D1-7EC03726556B}.Release|Any CPU.Build.0 = Release|Any CPU
		{7ED47689-E5BD-4241-A2D1-7EC03726556B}.Debug|iPhoneSimulator.ActiveCfg = Debug|Any CPU
		{7ED47689-E5BD-4241-A2D1-7EC03726556B}.Debug|iPhoneSimulator.Build.0 = Debug|Any CPU
		{7ED47689-E5BD-4241-A2D1-7EC03726556B}.Release|iPhone.ActiveCfg = Release|Any CPU
		{7ED47689-E5BD-4241-A2D1-7EC03726556B}.Release|iPhone.Build.0 = Release|Any CPU
		{7ED47689-E5BD-4241-A2D1-7EC03726556B}.Release|iPhoneSimulator.ActiveCfg = Release|Any CPU
		{7ED47689-E5BD-4241-A2D1-7EC03726556B}.Release|iPhoneSimulator.Build.0 = Release|Any CPU
		{7ED47689-E5BD-4241-A2D1-7EC03726556B}.Debug|iPhone.ActiveCfg = Debug|Any CPU
		{7ED47689-E5BD-4241-A2D1-7EC03726556B}.Debug|iPhone.Build.0 = Debug|Any CPU
		{5D841356-F06A-4C0C-B816-670ED78A5548}.Debug|Any CPU.ActiveCfg = Debug|Any CPU
		{5D841356-F06A-4C0C-B816-670ED78A5548}.Debug|Any CPU.Build.0 = Debug|Any CPU
		{5D841356-F06A-4C0C-B816-670ED78A5548}.Release|Any CPU.ActiveCfg = Release|Any CPU
		{5D841356-F06A-4C0C-B816-670ED78A5548}.Release|Any CPU.Build.0 = Release|Any CPU
		{5D841356-F06A-4C0C-B816-670ED78A5548}.Debug|iPhoneSimulator.ActiveCfg = Debug|Any CPU
		{5D841356-F06A-4C0C-B816-670ED78A5548}.Debug|iPhoneSimulator.Build.0 = Debug|Any CPU
		{5D841356-F06A-4C0C-B816-670ED78A5548}.Release|iPhone.ActiveCfg = Release|Any CPU
		{5D841356-F06A-4C0C-B816-670ED78A5548}.Release|iPhone.Build.0 = Release|Any CPU
		{5D841356-F06A-4C0C-B816-670ED78A5548}.Release|iPhoneSimulator.ActiveCfg = Release|Any CPU
		{5D841356-F06A-4C0C-B816-670ED78A5548}.Release|iPhoneSimulator.Build.0 = Release|Any CPU
		{5D841356-F06A-4C0C-B816-670ED78A5548}.Debug|iPhone.ActiveCfg = Debug|Any CPU
		{5D841356-F06A-4C0C-B816-670ED78A5548}.Debug|iPhone.Build.0 = Debug|Any CPU
		{96635BF5-28F5-4F26-AF52-6BD441004AF1}.Debug|Any CPU.ActiveCfg = Debug|Any CPU
		{96635BF5-28F5-4F26-AF52-6BD441004AF1}.Debug|Any CPU.Build.0 = Debug|Any CPU
		{96635BF5-28F5-4F26-AF52-6BD441004AF1}.Release|Any CPU.ActiveCfg = Release|Any CPU
		{96635BF5-28F5-4F26-AF52-6BD441004AF1}.Release|Any CPU.Build.0 = Release|Any CPU
		{96635BF5-28F5-4F26-AF52-6BD441004AF1}.Debug|iPhoneSimulator.ActiveCfg = Debug|Any CPU
		{96635BF5-28F5-4F26-AF52-6BD441004AF1}.Debug|iPhoneSimulator.Build.0 = Debug|Any CPU
		{96635BF5-28F5-4F26-AF52-6BD441004AF1}.Release|iPhone.ActiveCfg = Release|Any CPU
		{96635BF5-28F5-4F26-AF52-6BD441004AF1}.Release|iPhone.Build.0 = Release|Any CPU
		{96635BF5-28F5-4F26-AF52-6BD441004AF1}.Release|iPhoneSimulator.ActiveCfg = Release|Any CPU
		{96635BF5-28F5-4F26-AF52-6BD441004AF1}.Release|iPhoneSimulator.Build.0 = Release|Any CPU
		{96635BF5-28F5-4F26-AF52-6BD441004AF1}.Debug|iPhone.ActiveCfg = Debug|Any CPU
		{96635BF5-28F5-4F26-AF52-6BD441004AF1}.Debug|iPhone.Build.0 = Debug|Any CPU
	EndGlobalSection
EndGlobal
